{"format_version":"1.0","terraform_version":"1.1.5","planned_values":{"root_module":{"resources":[{"address":"aws_s3_bucket.denied","mode":"managed","type":"aws_s3_bucket","name":"denied","provider_name":"registry.terraform.io/hashicorp/aws","schema_version":0,"values":{"bucket":"denied","bucket_prefix":null,"force_destroy":false,"tags":null},"sensitive_values":{"cors_rule":[],"grant":[],"lifecycle_rule":[],"logging":[],"object_lock_configuration":[],"replication_configuration":[],"server_side_encryption_configuration":[],"tags_all":{},"versioning":[],"website":[]}},{"address":"aws_s3_bucket.duh","mode":"managed","type":"aws_s3_bucket","name":"duh","provider_name":"registry.terraform.io/hashicorp/aws","schema_version":0,"values":{"bucket":"duh","bucket_prefix":null,"force_destroy":false,"tags":null},"sensitive_values":{"cors_rule":[],"grant":[],"lifecycle_rule":[],"logging":[],"object_lock_configuration":[],"replication_configuration":[],"server_side_encryption_configuration":[],"tags_all":{},"versioning":[],"website":[]}},{"address":"aws_s3_bucket.logging2","mode":"managed","type":"aws_s3_bucket","name":"logging2","provider_name":"registry.terraform.io/hashicorp/aws","schema_version":0,"values":{"bucket":"logging2","bucket_prefix":null,"force_destroy":false,"tags":null},"sensitive_values":{"cors_rule":[],"grant":[],"lifecycle_rule":[],"logging":[],"object_lock_configuration":[],"replication_configuration":[],"server_side_encryption_configuration":[],"tags_all":{},"versioning":[],"website":[]}},{"address":"aws_s3_bucket_logging.example","mode":"managed","type":"aws_s3_bucket_logging","name":"example","provider_name":"registry.terraform.io/hashicorp/aws","schema_version":0,"values":{"expected_bucket_owner":null,"target_grant":[],"target_prefix":"log/"},"sensitive_values":{"target_grant":[]}},{"address":"aws_s3_bucket_logging.example2","mode":"managed","type":"aws_s3_bucket_logging","name":"example2","provider_name":"registry.terraform.io/hashicorp/aws","schema_version":0,"values":{"expected_bucket_owner":null,"target_grant":[],"target_prefix":"log/"},"sensitive_values":{"target_grant":[]}}]}},"resource_changes":[{"address":"aws_s3_bucket.denied","mode":"managed","type":"aws_s3_bucket","name":"denied","provider_name":"registry.terraform.io/hashicorp/aws","change":{"actions":["create"],"before":null,"after":{"bucket":"denied","bucket_prefix":null,"force_destroy":false,"tags":null},"after_unknown":{"acceleration_status":true,"acl":true,"arn":true,"bucket_domain_name":true,"bucket_regional_domain_name":true,"cors_rule":true,"grant":true,"hosted_zone_id":true,"id":true,"lifecycle_rule":true,"logging":true,"object_lock_configuration":true,"policy":true,"region":true,"replication_configuration":true,"request_payer":true,"server_side_encryption_configuration":true,"tags_all":true,"versioning":true,"website":true,"website_domain":true,"website_endpoint":true},"before_sensitive":false,"after_sensitive":{"cors_rule":[],"grant":[],"lifecycle_rule":[],"logging":[],"object_lock_configuration":[],"replication_configuration":[],"server_side_encryption_configuration":[],"tags_all":{},"versioning":[],"website":[]}}},{"address":"aws_s3_bucket.duh","mode":"managed","type":"aws_s3_bucket","name":"duh","provider_name":"registry.terraform.io/hashicorp/aws","change":{"actions":["create"],"before":null,"after":{"bucket":"duh","bucket_prefix":null,"force_destroy":false,"tags":null},"after_unknown":{"acceleration_status":true,"acl":true,"arn":true,"bucket_domain_name":true,"bucket_regional_domain_name":true,"cors_rule":true,"grant":true,"hosted_zone_id":true,"id":true,"lifecycle_rule":true,"logging":true,"object_lock_configuration":true,"policy":true,"region":true,"replication_configuration":true,"request_payer":true,"server_side_encryption_configuration":true,"tags_all":true,"versioning":true,"website":true,"website_domain":true,"website_endpoint":true},"before_sensitive":false,"after_sensitive":{"cors_rule":[],"grant":[],"lifecycle_rule":[],"logging":[],"object_lock_configuration":[],"replication_configuration":[],"server_side_encryption_configuration":[],"tags_all":{},"versioning":[],"website":[]}}},{"address":"aws_s3_bucket.logging2","mode":"managed","type":"aws_s3_bucket","name":"logging2","provider_name":"registry.terraform.io/hashicorp/aws","change":{"actions":["create"],"before":null,"after":{"bucket":"logging2","bucket_prefix":null,"force_destroy":false,"tags":null},"after_unknown":{"acceleration_status":true,"acl":true,"arn":true,"bucket_domain_name":true,"bucket_regional_domain_name":true,"cors_rule":true,"grant":true,"hosted_zone_id":true,"id":true,"lifecycle_rule":true,"logging":true,"object_lock_configuration":true,"policy":true,"region":true,"replication_configuration":true,"request_payer":true,"server_side_encryption_configuration":true,"tags_all":true,"versioning":true,"website":true,"website_domain":true,"website_endpoint":true},"before_sensitive":false,"after_sensitive":{"cors_rule":[],"grant":[],"lifecycle_rule":[],"logging":[],"object_lock_configuration":[],"replication_configuration":[],"server_side_encryption_configuration":[],"tags_all":{},"versioning":[],"website":[]}}},{"address":"aws_s3_bucket_logging.example","mode":"managed","type":"aws_s3_bucket_logging","name":"example","provider_name":"registry.terraform.io/hashicorp/aws","change":{"actions":["create"],"before":null,"after":{"expected_bucket_owner":null,"target_grant":[],"target_prefix":"log/"},"after_unknown":{"bucket":true,"id":true,"target_bucket":true,"target_grant":[]},"before_sensitive":false,"after_sensitive":{"target_grant":[]}}},{"address":"aws_s3_bucket_logging.example2","mode":"managed","type":"aws_s3_bucket_logging","name":"example2","provider_name":"registry.terraform.io/hashicorp/aws","change":{"actions":["create"],"before":null,"after":{"expected_bucket_owner":null,"target_grant":[],"target_prefix":"log/"},"after_unknown":{"bucket":true,"id":true,"target_bucket":true,"target_grant":[]},"before_sensitive":false,"after_sensitive":{"target_grant":[]}}}],"configuration":{"provider_config":{"aws":{"name":"aws","version_constraint":"4.0.0"}},"root_module":{"resources":[{"address":"aws_s3_bucket.denied","mode":"managed","type":"aws_s3_bucket","name":"denied","provider_config_key":"aws","expressions":{"bucket":{"constant_value":"denied"}},"schema_version":0},{"address":"aws_s3_bucket.duh","mode":"managed","type":"aws_s3_bucket","name":"duh","provider_config_key":"aws","expressions":{"bucket":{"constant_value":"duh"}},"schema_version":0},{"address":"aws_s3_bucket.logging2","mode":"managed","type":"aws_s3_bucket","name":"logging2","provider_config_key":"aws","expressions":{"bucket":{"constant_value":"logging2"}},"schema_version":0},{"address":"aws_s3_bucket_logging.example","mode":"managed","type":"aws_s3_bucket_logging","name":"example","provider_config_key":"aws","expressions":{"bucket":{"references":["aws_s3_bucket.logging2.id","aws_s3_bucket.logging2"]},"target_bucket":{"references":["aws_s3_bucket.duh.id","aws_s3_bucket.duh"]},"target_prefix":{"constant_value":"log/"}},"schema_version":0},{"address":"aws_s3_bucket_logging.example2","mode":"managed","type":"aws_s3_bucket_logging","name":"example2","provider_config_key":"aws","expressions":{"bucket":{"references":["aws_s3_bucket.logging2.id","aws_s3_bucket.logging2"]},"target_bucket":{"references":["aws_s3_bucket.duh.id","aws_s3_bucket.duh"]},"target_prefix":{"constant_value":"log/"}},"schema_version":0}]}}}
